
Microsoft Visual Studio Solution File, Format Version 12.00
# Visual Studio Version 16
VisualStudioVersion = 16.0.30320.27
MinimumVisualStudioVersion = 10.0.40219.1
Project("{9A19103F-16F7-4668-BE54-9A1E7A4F7556}") = "WebAsp", "WebAsp\WebAsp.csproj", "{FA22121B-5C41-49B2-8710-86DBF7DF1951}"
EndProject
Project("{9A19103F-16F7-4668-BE54-9A1E7A4F7556}") = "DxfLib", "DxfLib\DxfLib.csproj", "{AB2C1388-222B-452D-B821-4FA3913A314E}"
EndProject
Project("{FAE04EC0-301F-11D3-BF4B-00C04F79EFBC}") = "DxfTest", "DxfTest\DxfTest.csproj", "{269C2A74-AF44-40B6-A0E4-9886553C8383}"
EndProject
Global
	GlobalSection(SolutionConfigurationPlatforms) = preSolution
		Debug|Any CPU = Debug|Any CPU
		Release|Any CPU = Release|Any CPU
	EndGlobalSection
	GlobalSection(ProjectConfigurationPlatforms) = postSolution
		{FA22121B-5C41-49B2-8710-86DBF7DF1951}.Debug|Any CPU.ActiveCfg = Debug|Any CPU
		{FA22121B-5C41-49B2-8710-86DBF7DF1951}.Debug|Any CPU.Build.0 = Debug|Any CPU
		{FA22121B-5C41-49B2-8710-86DBF7DF1951}.Release|Any CPU.ActiveCfg = Release|Any CPU
		{FA22121B-5C41-49B2-8710-86DBF7DF1951}.Release|Any CPU.Build.0 = Release|Any CPU
		{AB2C1388-222B-452D-B821-4FA3913A314E}.Debug|Any CPU.ActiveCfg = Debug|Any CPU
		{AB2C1388-222B-452D-B821-4FA3913A314E}.Debug|Any CPU.Build.0 = Debug|Any CPU
		{AB2C1388-222B-452D-B821-4FA3913A314E}.Release|Any CPU.ActiveCfg = Release|Any CPU
		{AB2C1388-222B-452D-B821-4FA3913A314E}.Release|Any CPU.Build.0 = Release|Any CPU
		{269C2A74-AF44-40B6-A0E4-9886553C8383}.Debug|Any CPU.ActiveCfg = Debug|Any CPU
		{269C2A74-AF44-40B6-A0E4-9886553C8383}.Debug|Any CPU.Build.0 = Debug|Any CPU
		{269C2A74-AF44-40B6-A0E4-9886553C8383}.Release|Any CPU.ActiveCfg = Release|Any CPU
		{269C2A74-AF44-40B6-A0E4-9886553C8383}.Release|Any CPU.Build.0 = Release|Any CPU
	EndGlobalSection
	GlobalSection(SolutionProperties) = preSolution
		HideSolutionNode = FALSE
	EndGlobalSection
	GlobalSection(ExtensibilityGlobals) = postSolution
		SolutionGuid = {E32DFE6B-54BF-48CB-8C53-2BF591F30ED7}
	EndGlobalSection
EndGlobal
